// !$*UTF8*$!
{
	archiveVersion = 1;
	classes = {
	};
	objectVersion = 56;
	objects = {

/* Begin PBXBuildFile section */
		7F0F64E929BCC946007111CA /* UIColor+Extensions.swift in Sources */ = {isa = PBXBuildFile; fileRef = 7F0F64E829BCC946007111CA /* UIColor+Extensions.swift */; };
		7F3A153E29B5FD1800AF37C5 /* SingleImageViewController.swift in Sources */ = {isa = PBXBuildFile; fileRef = 7F3A153D29B5FD1800AF37C5 /* SingleImageViewController.swift */; };
		7F6F0A2429B0B9FD002B1A78 /* ProfileViewController.swift in Sources */ = {isa = PBXBuildFile; fileRef = 7F6F0A2329B0B9FD002B1A78 /* ProfileViewController.swift */; };
		7FA543BD29DD8D9A0058C67D /* UIBlockingProgressHUD.swift in Sources */ = {isa = PBXBuildFile; fileRef = 7FA543BC29DD8D9A0058C67D /* UIBlockingProgressHUD.swift */; };
		7FA543BF29E030EC0058C67D /* ProfileService.swift in Sources */ = {isa = PBXBuildFile; fileRef = 7FA543BE29E030EC0058C67D /* ProfileService.swift */; };
		7FA543C129E80C600058C67D /* ProfileImageService.swift in Sources */ = {isa = PBXBuildFile; fileRef = 7FA543C029E80C600058C67D /* ProfileImageService.swift */; };
		7FA543C429E961DE0058C67D /* Kingfisher in Frameworks */ = {isa = PBXBuildFile; productRef = 7FA543C329E961DE0058C67D /* Kingfisher */; };
		7FA543C729E96E250058C67D /* SwiftKeychainWrapper in Frameworks */ = {isa = PBXBuildFile; productRef = 7FA543C629E96E250058C67D /* SwiftKeychainWrapper */; };
		7FA543C929ED5CE90058C67D /* TabBarController.swift in Sources */ = {isa = PBXBuildFile; fileRef = 7FA543C829ED5CE90058C67D /* TabBarController.swift */; };
		7FC70DBE29A381B800FC840A /* ImagesListCell.swift in Sources */ = {isa = PBXBuildFile; fileRef = 7FC70DBD29A381B800FC840A /* ImagesListCell.swift */; };
		7FE35B3F29BCD4150025C2AE /* SFProText-Regular.ttf in Resources */ = {isa = PBXBuildFile; fileRef = 7FE35B3E29BCD4060025C2AE /* SFProText-Regular.ttf */; };
		7FE35B4029BCD4190025C2AE /* SFProText-Bold.ttf in Resources */ = {isa = PBXBuildFile; fileRef = 7FE35B3D29BCD3FD0025C2AE /* SFProText-Bold.ttf */; };
		7FE35B6229C4AA7F0025C2AE /* Constants.swift in Sources */ = {isa = PBXBuildFile; fileRef = 7FE35B6129C4AA7F0025C2AE /* Constants.swift */; };
		7FE35B6629C893D50025C2AE /* AuthViewController.swift in Sources */ = {isa = PBXBuildFile; fileRef = 7FE35B6529C893D50025C2AE /* AuthViewController.swift */; };
		7FF6C95B29CAEC630051FE2D /* WebViewViewController.swift in Sources */ = {isa = PBXBuildFile; fileRef = 7FF6C95A29CAEC630051FE2D /* WebViewViewController.swift */; };
		7FF6C95F29D1ACE30051FE2D /* OAuth2Service.swift in Sources */ = {isa = PBXBuildFile; fileRef = 7FF6C95E29D1ACE30051FE2D /* OAuth2Service.swift */; };
		7FF6C96129D1AD0D0051FE2D /* OAuth2TokenStorage.swift in Sources */ = {isa = PBXBuildFile; fileRef = 7FF6C96029D1AD0D0051FE2D /* OAuth2TokenStorage.swift */; };
		7FF6C96429D2FDCF0051FE2D /* SplashViewController.swift in Sources */ = {isa = PBXBuildFile; fileRef = 7FF6C96329D2FDCF0051FE2D /* SplashViewController.swift */; };
		7FF6C96729D359E90051FE2D /* URLSession.swift in Sources */ = {isa = PBXBuildFile; fileRef = 7FF6C96629D359E90051FE2D /* URLSession.swift */; };
		7FF6C96A29D35A4B0051FE2D /* NetworkError.swift in Sources */ = {isa = PBXBuildFile; fileRef = 7FF6C96929D35A4B0051FE2D /* NetworkError.swift */; };
		7FF6C96C29D35AA70051FE2D /* URLRequest.swift in Sources */ = {isa = PBXBuildFile; fileRef = 7FF6C96B29D35AA70051FE2D /* URLRequest.swift */; };
		7FF6C96F29DC50940051FE2D /* ProgressHUD in Frameworks */ = {isa = PBXBuildFile; productRef = 7FF6C96E29DC50940051FE2D /* ProgressHUD */; };
		7FF7648E299E3FA000AAF94B /* AppDelegate.swift in Sources */ = {isa = PBXBuildFile; fileRef = 7FF7648D299E3FA000AAF94B /* AppDelegate.swift */; };
		7FF76490299E3FA000AAF94B /* SceneDelegate.swift in Sources */ = {isa = PBXBuildFile; fileRef = 7FF7648F299E3FA000AAF94B /* SceneDelegate.swift */; };
		7FF76492299E3FA000AAF94B /* ImagesListViewController.swift in Sources */ = {isa = PBXBuildFile; fileRef = 7FF76491299E3FA000AAF94B /* ImagesListViewController.swift */; };
		7FF76495299E3FA000AAF94B /* Main.storyboard in Resources */ = {isa = PBXBuildFile; fileRef = 7FF76493299E3FA000AAF94B /* Main.storyboard */; };
		7FF76497299E3FA100AAF94B /* Assets.xcassets in Resources */ = {isa = PBXBuildFile; fileRef = 7FF76496299E3FA100AAF94B /* Assets.xcassets */; };
		7FF7649A299E3FA100AAF94B /* LaunchScreen.storyboard in Resources */ = {isa = PBXBuildFile; fileRef = 7FF76498299E3FA100AAF94B /* LaunchScreen.storyboard */; };
/* End PBXBuildFile section */

/* Begin PBXFileReference section */
		7F0F64E829BCC946007111CA /* UIColor+Extensions.swift */ = {isa = PBXFileReference; lastKnownFileType = sourcecode.swift; path = "UIColor+Extensions.swift"; sourceTree = "<group>"; };
		7F3A153D29B5FD1800AF37C5 /* SingleImageViewController.swift */ = {isa = PBXFileReference; lastKnownFileType = sourcecode.swift; path = SingleImageViewController.swift; sourceTree = "<group>"; };
		7F6F0A2329B0B9FD002B1A78 /* ProfileViewController.swift */ = {isa = PBXFileReference; lastKnownFileType = sourcecode.swift; path = ProfileViewController.swift; sourceTree = "<group>"; };
		7FA543BC29DD8D9A0058C67D /* UIBlockingProgressHUD.swift */ = {isa = PBXFileReference; lastKnownFileType = sourcecode.swift; path = UIBlockingProgressHUD.swift; sourceTree = "<group>"; };
		7FA543BE29E030EC0058C67D /* ProfileService.swift */ = {isa = PBXFileReference; lastKnownFileType = sourcecode.swift; path = ProfileService.swift; sourceTree = "<group>"; };
		7FA543C029E80C600058C67D /* ProfileImageService.swift */ = {isa = PBXFileReference; lastKnownFileType = sourcecode.swift; path = ProfileImageService.swift; sourceTree = "<group>"; };
		7FA543C829ED5CE90058C67D /* TabBarController.swift */ = {isa = PBXFileReference; lastKnownFileType = sourcecode.swift; path = TabBarController.swift; sourceTree = "<group>"; };
		7FC70DBD29A381B800FC840A /* ImagesListCell.swift */ = {isa = PBXFileReference; lastKnownFileType = sourcecode.swift; path = ImagesListCell.swift; sourceTree = "<group>"; };
		7FE35B3D29BCD3FD0025C2AE /* SFProText-Bold.ttf */ = {isa = PBXFileReference; lastKnownFileType = file; path = "SFProText-Bold.ttf"; sourceTree = "<group>"; };
		7FE35B3E29BCD4060025C2AE /* SFProText-Regular.ttf */ = {isa = PBXFileReference; lastKnownFileType = file; path = "SFProText-Regular.ttf"; sourceTree = "<group>"; };
		7FE35B6129C4AA7F0025C2AE /* Constants.swift */ = {isa = PBXFileReference; lastKnownFileType = sourcecode.swift; path = Constants.swift; sourceTree = "<group>"; };
		7FE35B6529C893D50025C2AE /* AuthViewController.swift */ = {isa = PBXFileReference; lastKnownFileType = sourcecode.swift; path = AuthViewController.swift; sourceTree = "<group>"; };
		7FF6C95A29CAEC630051FE2D /* WebViewViewController.swift */ = {isa = PBXFileReference; lastKnownFileType = sourcecode.swift; path = WebViewViewController.swift; sourceTree = "<group>"; };
		7FF6C95E29D1ACE30051FE2D /* OAuth2Service.swift */ = {isa = PBXFileReference; lastKnownFileType = sourcecode.swift; path = OAuth2Service.swift; sourceTree = "<group>"; };
		7FF6C96029D1AD0D0051FE2D /* OAuth2TokenStorage.swift */ = {isa = PBXFileReference; lastKnownFileType = sourcecode.swift; path = OAuth2TokenStorage.swift; sourceTree = "<group>"; };
		7FF6C96329D2FDCF0051FE2D /* SplashViewController.swift */ = {isa = PBXFileReference; lastKnownFileType = sourcecode.swift; path = SplashViewController.swift; sourceTree = "<group>"; };
		7FF6C96629D359E90051FE2D /* URLSession.swift */ = {isa = PBXFileReference; lastKnownFileType = sourcecode.swift; path = URLSession.swift; sourceTree = "<group>"; };
		7FF6C96929D35A4B0051FE2D /* NetworkError.swift */ = {isa = PBXFileReference; lastKnownFileType = sourcecode.swift; path = NetworkError.swift; sourceTree = "<group>"; };
		7FF6C96B29D35AA70051FE2D /* URLRequest.swift */ = {isa = PBXFileReference; lastKnownFileType = sourcecode.swift; path = URLRequest.swift; sourceTree = "<group>"; };
		7FF7648A299E3FA000AAF94B /* ImageFeed.app */ = {isa = PBXFileReference; explicitFileType = wrapper.application; includeInIndex = 0; path = ImageFeed.app; sourceTree = BUILT_PRODUCTS_DIR; };
		7FF7648D299E3FA000AAF94B /* AppDelegate.swift */ = {isa = PBXFileReference; lastKnownFileType = sourcecode.swift; path = AppDelegate.swift; sourceTree = "<group>"; };
		7FF7648F299E3FA000AAF94B /* SceneDelegate.swift */ = {isa = PBXFileReference; lastKnownFileType = sourcecode.swift; path = SceneDelegate.swift; sourceTree = "<group>"; };
		7FF76491299E3FA000AAF94B /* ImagesListViewController.swift */ = {isa = PBXFileReference; lastKnownFileType = sourcecode.swift; path = ImagesListViewController.swift; sourceTree = "<group>"; };
		7FF76494299E3FA000AAF94B /* Base */ = {isa = PBXFileReference; lastKnownFileType = file.storyboard; name = Base; path = Base.lproj/Main.storyboard; sourceTree = "<group>"; };
		7FF76496299E3FA100AAF94B /* Assets.xcassets */ = {isa = PBXFileReference; lastKnownFileType = folder.assetcatalog; path = Assets.xcassets; sourceTree = "<group>"; };
		7FF76499299E3FA100AAF94B /* Base */ = {isa = PBXFileReference; lastKnownFileType = file.storyboard; name = Base; path = Base.lproj/LaunchScreen.storyboard; sourceTree = "<group>"; };
		7FF7649B299E3FA100AAF94B /* Info.plist */ = {isa = PBXFileReference; lastKnownFileType = text.plist.xml; path = Info.plist; sourceTree = "<group>"; };
/* End PBXFileReference section */

/* Begin PBXFrameworksBuildPhase section */
		7FF76487299E3FA000AAF94B /* Frameworks */ = {
			isa = PBXFrameworksBuildPhase;
			buildActionMask = 2147483647;
			files = (
				7FA543C429E961DE0058C67D /* Kingfisher in Frameworks */,
				7FF6C96F29DC50940051FE2D /* ProgressHUD in Frameworks */,
				7FA543C729E96E250058C67D /* SwiftKeychainWrapper in Frameworks */,
			);
			runOnlyForDeploymentPostprocessing = 0;
		};
/* End PBXFrameworksBuildPhase section */

/* Begin PBXGroup section */
		7F0F64E729BCC8F4007111CA /* Helpers */ = {
			isa = PBXGroup;
			children = (
				7F0F64E829BCC946007111CA /* UIColor+Extensions.swift */,
			);
			path = Helpers;
			sourceTree = "<group>";
		};
		7F0F64EA29BCD23A007111CA /* Fonts */ = {
			isa = PBXGroup;
			children = (
				7FE35B3E29BCD4060025C2AE /* SFProText-Regular.ttf */,
				7FE35B3D29BCD3FD0025C2AE /* SFProText-Bold.ttf */,
			);
			path = Fonts;
			sourceTree = "<group>";
		};
		7FE35B6729C893FB0025C2AE /* Auth */ = {
			isa = PBXGroup;
			children = (
				7FE35B6529C893D50025C2AE /* AuthViewController.swift */,
				7FF6C95A29CAEC630051FE2D /* WebViewViewController.swift */,
			);
			path = Auth;
			sourceTree = "<group>";
		};
		7FF6C95C29D1ACB30051FE2D /* ServiceAccessLayer */ = {
			isa = PBXGroup;
			children = (
				7FF6C96829D35A3A0051FE2D /* Models */,
				7FF6C96529D359D10051FE2D /* Extension */,
				7FF6C95D29D1ACC40051FE2D /* OAuth2 */,
			);
			path = ServiceAccessLayer;
			sourceTree = "<group>";
		};
		7FF6C95D29D1ACC40051FE2D /* OAuth2 */ = {
			isa = PBXGroup;
			children = (
				7FF6C95E29D1ACE30051FE2D /* OAuth2Service.swift */,
				7FF6C96029D1AD0D0051FE2D /* OAuth2TokenStorage.swift */,
				7FA543BE29E030EC0058C67D /* ProfileService.swift */,
				7FA543C029E80C600058C67D /* ProfileImageService.swift */,
			);
			path = OAuth2;
			sourceTree = "<group>";
		};
		7FF6C96229D2FDC40051FE2D /* SplashViewController */ = {
			isa = PBXGroup;
			children = (
				7FF6C96329D2FDCF0051FE2D /* SplashViewController.swift */,
				7FA543BC29DD8D9A0058C67D /* UIBlockingProgressHUD.swift */,
			);
			path = SplashViewController;
			sourceTree = "<group>";
		};
		7FF6C96529D359D10051FE2D /* Extension */ = {
			isa = PBXGroup;
			children = (
				7FF6C96629D359E90051FE2D /* URLSession.swift */,
				7FF6C96B29D35AA70051FE2D /* URLRequest.swift */,
			);
			path = Extension;
			sourceTree = "<group>";
		};
		7FF6C96829D35A3A0051FE2D /* Models */ = {
			isa = PBXGroup;
			children = (
				7FF6C96929D35A4B0051FE2D /* NetworkError.swift */,
			);
			path = Models;
			sourceTree = "<group>";
		};
		7FF76481299E3FA000AAF94B = {
			isa = PBXGroup;
			children = (
				7FF7648C299E3FA000AAF94B /* ImageFeed */,
				7FF7648B299E3FA000AAF94B /* Products */,
			);
			sourceTree = "<group>";
		};
		7FF7648B299E3FA000AAF94B /* Products */ = {
			isa = PBXGroup;
			children = (
				7FF7648A299E3FA000AAF94B /* ImageFeed.app */,
			);
			name = Products;
			sourceTree = "<group>";
		};
		7FF7648C299E3FA000AAF94B /* ImageFeed */ = {
			isa = PBXGroup;
			children = (
				7FF6C96229D2FDC40051FE2D /* SplashViewController */,
				7FF6C95C29D1ACB30051FE2D /* ServiceAccessLayer */,
				7FE35B6729C893FB0025C2AE /* Auth */,
				7FF764A1299EAB1900AAF94B /* Presentation */,
				7F0F64E729BCC8F4007111CA /* Helpers */,
				7FF764A2299EABCB00AAF94B /* Resources */,
				7FF7648D299E3FA000AAF94B /* AppDelegate.swift */,
				7FF7648F299E3FA000AAF94B /* SceneDelegate.swift */,
				7FE35B6129C4AA7F0025C2AE /* Constants.swift */,
			);
			path = ImageFeed;
			sourceTree = "<group>";
		};
		7FF764A1299EAB1900AAF94B /* Presentation */ = {
			isa = PBXGroup;
			children = (
				7FF76491299E3FA000AAF94B /* ImagesListViewController.swift */,
				7FC70DBD29A381B800FC840A /* ImagesListCell.swift */,
				7F6F0A2329B0B9FD002B1A78 /* ProfileViewController.swift */,
				7F3A153D29B5FD1800AF37C5 /* SingleImageViewController.swift */,
				7FA543C829ED5CE90058C67D /* TabBarController.swift */,
				7FF76493299E3FA000AAF94B /* Main.storyboard */,
			);
			path = Presentation;
			sourceTree = "<group>";
		};
		7FF764A2299EABCB00AAF94B /* Resources */ = {
			isa = PBXGroup;
			children = (
				7F0F64EA29BCD23A007111CA /* Fonts */,
				7FF76498299E3FA100AAF94B /* LaunchScreen.storyboard */,
				7FF76496299E3FA100AAF94B /* Assets.xcassets */,
				7FF7649B299E3FA100AAF94B /* Info.plist */,
			);
			path = Resources;
			sourceTree = "<group>";
		};
/* End PBXGroup section */

/* Begin PBXNativeTarget section */
		7FF76489299E3FA000AAF94B /* ImageFeed */ = {
			isa = PBXNativeTarget;
			buildConfigurationList = 7FF7649E299E3FA100AAF94B /* Build configuration list for PBXNativeTarget "ImageFeed" */;
			buildPhases = (
				7FF76486299E3FA000AAF94B /* Sources */,
				7FF76487299E3FA000AAF94B /* Frameworks */,
				7FF76488299E3FA000AAF94B /* Resources */,
			);
			buildRules = (
			);
			dependencies = (
			);
			name = ImageFeed;
			packageProductDependencies = (
				7FF6C96E29DC50940051FE2D /* ProgressHUD */,
				7FA543C329E961DE0058C67D /* Kingfisher */,
				7FA543C629E96E250058C67D /* SwiftKeychainWrapper */,
			);
			productName = ImageFeed;
			productReference = 7FF7648A299E3FA000AAF94B /* ImageFeed.app */;
			productType = "com.apple.product-type.application";
		};
/* End PBXNativeTarget section */

/* Begin PBXProject section */
		7FF76482299E3FA000AAF94B /* Project object */ = {
			isa = PBXProject;
			attributes = {
				BuildIndependentTargetsInParallel = 1;
				LastSwiftUpdateCheck = 1420;
				LastUpgradeCheck = 1420;
				TargetAttributes = {
					7FF76489299E3FA000AAF94B = {
						CreatedOnToolsVersion = 14.2;
					};
				};
			};
			buildConfigurationList = 7FF76485299E3FA000AAF94B /* Build configuration list for PBXProject "ImageFeed" */;
			compatibilityVersion = "Xcode 14.0";
			developmentRegion = en;
			hasScannedForEncodings = 0;
			knownRegions = (
				en,
				Base,
			);
			mainGroup = 7FF76481299E3FA000AAF94B;
			packageReferences = (
				7FF6C96D29DC50940051FE2D /* XCRemoteSwiftPackageReference "ProgressHUD" */,
				7FA543C229E961DE0058C67D /* XCRemoteSwiftPackageReference "Kingfisher" */,
				7FA543C529E96E250058C67D /* XCRemoteSwiftPackageReference "SwiftKeychainWrapper" */,
			);
			productRefGroup = 7FF7648B299E3FA000AAF94B /* Products */;
			projectDirPath = "";
			projectRoot = "";
			targets = (
				7FF76489299E3FA000AAF94B /* ImageFeed */,
			);
		};
/* End PBXProject section */

/* Begin PBXResourcesBuildPhase section */
		7FF76488299E3FA000AAF94B /* Resources */ = {
			isa = PBXResourcesBuildPhase;
			buildActionMask = 2147483647;
			files = (
				7FF7649A299E3FA100AAF94B /* LaunchScreen.storyboard in Resources */,
				7FF76497299E3FA100AAF94B /* Assets.xcassets in Resources */,
				7FE35B4029BCD4190025C2AE /* SFProText-Bold.ttf in Resources */,
				7FF76495299E3FA000AAF94B /* Main.storyboard in Resources */,
				7FE35B3F29BCD4150025C2AE /* SFProText-Regular.ttf in Resources */,
			);
			runOnlyForDeploymentPostprocessing = 0;
		};
/* End PBXResourcesBuildPhase section */

/* Begin PBXSourcesBuildPhase section */
		7FF76486299E3FA000AAF94B /* Sources */ = {
			isa = PBXSourcesBuildPhase;
			buildActionMask = 2147483647;
			files = (
				7FF6C96129D1AD0D0051FE2D /* OAuth2TokenStorage.swift in Sources */,
				7FF6C95B29CAEC630051FE2D /* WebViewViewController.swift in Sources */,
				7FF76492299E3FA000AAF94B /* ImagesListViewController.swift in Sources */,
				7FC70DBE29A381B800FC840A /* ImagesListCell.swift in Sources */,
				7F6F0A2429B0B9FD002B1A78 /* ProfileViewController.swift in Sources */,
				7FF6C95F29D1ACE30051FE2D /* OAuth2Service.swift in Sources */,
				7FF6C96429D2FDCF0051FE2D /* SplashViewController.swift in Sources */,
				7FF6C96C29D35AA70051FE2D /* URLRequest.swift in Sources */,
				7FF7648E299E3FA000AAF94B /* AppDelegate.swift in Sources */,
				7F0F64E929BCC946007111CA /* UIColor+Extensions.swift in Sources */,
				7FF6C96A29D35A4B0051FE2D /* NetworkError.swift in Sources */,
				7FA543C129E80C600058C67D /* ProfileImageService.swift in Sources */,
				7FA543BF29E030EC0058C67D /* ProfileService.swift in Sources */,
				7FA543C929ED5CE90058C67D /* TabBarController.swift in Sources */,
				7FF6C96729D359E90051FE2D /* URLSession.swift in Sources */,
				7F3A153E29B5FD1800AF37C5 /* SingleImageViewController.swift in Sources */,
				7FF76490299E3FA000AAF94B /* SceneDelegate.swift in Sources */,
				7FE35B6629C893D50025C2AE /* AuthViewController.swift in Sources */,
				7FE35B6229C4AA7F0025C2AE /* Constants.swift in Sources */,
				7FA543BD29DD8D9A0058C67D /* UIBlockingProgressHUD.swift in Sources */,
			);
			runOnlyForDeploymentPostprocessing = 0;
		};
/* End PBXSourcesBuildPhase section */

/* Begin PBXVariantGroup section */
		7FF76493299E3FA000AAF94B /* Main.storyboard */ = {
			isa = PBXVariantGroup;
			children = (
				7FF76494299E3FA000AAF94B /* Base */,
			);
			name = Main.storyboard;
			sourceTree = "<group>";
		};
		7FF76498299E3FA100AAF94B /* LaunchScreen.storyboard */ = {
			isa = PBXVariantGroup;
			children = (
				7FF76499299E3FA100AAF94B /* Base */,
			);
			name = LaunchScreen.storyboard;
			sourceTree = "<group>";
		};
/* End PBXVariantGroup section */

/* Begin XCBuildConfiguration section */
		7FF7649C299E3FA100AAF94B /* Debug */ = {
			isa = XCBuildConfiguration;
			buildSettings = {
				ALWAYS_SEARCH_USER_PATHS = NO;
				CLANG_ANALYZER_NONNULL = YES;
				CLANG_ANALYZER_NUMBER_OBJECT_CONVERSION = YES_AGGRESSIVE;
				CLANG_CXX_LANGUAGE_STANDARD = "gnu++20";
				CLANG_ENABLE_MODULES = YES;
				CLANG_ENABLE_OBJC_ARC = YES;
				CLANG_ENABLE_OBJC_WEAK = YES;
				CLANG_WARN_BLOCK_CAPTURE_AUTORELEASING = YES;
				CLANG_WARN_BOOL_CONVERSION = YES;
				CLANG_WARN_COMMA = YES;
				CLANG_WARN_CONSTANT_CONVERSION = YES;
				CLANG_WARN_DEPRECATED_OBJC_IMPLEMENTATIONS = YES;
				CLANG_WARN_DIRECT_OBJC_ISA_USAGE = YES_ERROR;
				CLANG_WARN_DOCUMENTATION_COMMENTS = YES;
				CLANG_WARN_EMPTY_BODY = YES;
				CLANG_WARN_ENUM_CONVERSION = YES;
				CLANG_WARN_INFINITE_RECURSION = YES;
				CLANG_WARN_INT_CONVERSION = YES;
				CLANG_WARN_NON_LITERAL_NULL_CONVERSION = YES;
				CLANG_WARN_OBJC_IMPLICIT_RETAIN_SELF = YES;
				CLANG_WARN_OBJC_LITERAL_CONVERSION = YES;
				CLANG_WARN_OBJC_ROOT_CLASS = YES_ERROR;
				CLANG_WARN_QUOTED_INCLUDE_IN_FRAMEWORK_HEADER = YES;
				CLANG_WARN_RANGE_LOOP_ANALYSIS = YES;
				CLANG_WARN_STRICT_PROTOTYPES = YES;
				CLANG_WARN_SUSPICIOUS_MOVE = YES;
				CLANG_WARN_UNGUARDED_AVAILABILITY = YES_AGGRESSIVE;
				CLANG_WARN_UNREACHABLE_CODE = YES;
				CLANG_WARN__DUPLICATE_METHOD_MATCH = YES;
				COPY_PHASE_STRIP = NO;
				DEBUG_INFORMATION_FORMAT = dwarf;
				ENABLE_STRICT_OBJC_MSGSEND = YES;
				ENABLE_TESTABILITY = YES;
				GCC_C_LANGUAGE_STANDARD = gnu11;
				GCC_DYNAMIC_NO_PIC = NO;
				GCC_NO_COMMON_BLOCKS = YES;
				GCC_OPTIMIZATION_LEVEL = 0;
				GCC_PREPROCESSOR_DEFINITIONS = (
					"DEBUG=1",
					"$(inherited)",
				);
				GCC_WARN_64_TO_32_BIT_CONVERSION = YES;
				GCC_WARN_ABOUT_RETURN_TYPE = YES_ERROR;
				GCC_WARN_UNDECLARED_SELECTOR = YES;
				GCC_WARN_UNINITIALIZED_AUTOS = YES_AGGRESSIVE;
				GCC_WARN_UNUSED_FUNCTION = YES;
				GCC_WARN_UNUSED_VARIABLE = YES;
				IPHONEOS_DEPLOYMENT_TARGET = 13.0;
				MTL_ENABLE_DEBUG_INFO = INCLUDE_SOURCE;
				MTL_FAST_MATH = YES;
				ONLY_ACTIVE_ARCH = YES;
				SDKROOT = iphoneos;
				SWIFT_ACTIVE_COMPILATION_CONDITIONS = DEBUG;
				SWIFT_OPTIMIZATION_LEVEL = "-Onone";
			};
			name = Debug;
		};
		7FF7649D299E3FA100AAF94B /* Release */ = {
			isa = XCBuildConfiguration;
			buildSettings = {
				ALWAYS_SEARCH_USER_PATHS = NO;
				CLANG_ANALYZER_NONNULL = YES;
				CLANG_ANALYZER_NUMBER_OBJECT_CONVERSION = YES_AGGRESSIVE;
				CLANG_CXX_LANGUAGE_STANDARD = "gnu++20";
				CLANG_ENABLE_MODULES = YES;
				CLANG_ENABLE_OBJC_ARC = YES;
				CLANG_ENABLE_OBJC_WEAK = YES;
				CLANG_WARN_BLOCK_CAPTURE_AUTORELEASING = YES;
				CLANG_WARN_BOOL_CONVERSION = YES;
				CLANG_WARN_COMMA = YES;
				CLANG_WARN_CONSTANT_CONVERSION = YES;
				CLANG_WARN_DEPRECATED_OBJC_IMPLEMENTATIONS = YES;
				CLANG_WARN_DIRECT_OBJC_ISA_USAGE = YES_ERROR;
				CLANG_WARN_DOCUMENTATION_COMMENTS = YES;
				CLANG_WARN_EMPTY_BODY = YES;
				CLANG_WARN_ENUM_CONVERSION = YES;
				CLANG_WARN_INFINITE_RECURSION = YES;
				CLANG_WARN_INT_CONVERSION = YES;
				CLANG_WARN_NON_LITERAL_NULL_CONVERSION = YES;
				CLANG_WARN_OBJC_IMPLICIT_RETAIN_SELF = YES;
				CLANG_WARN_OBJC_LITERAL_CONVERSION = YES;
				CLANG_WARN_OBJC_ROOT_CLASS = YES_ERROR;
				CLANG_WARN_QUOTED_INCLUDE_IN_FRAMEWORK_HEADER = YES;
				CLANG_WARN_RANGE_LOOP_ANALYSIS = YES;
				CLANG_WARN_STRICT_PROTOTYPES = YES;
				CLANG_WARN_SUSPICIOUS_MOVE = YES;
				CLANG_WARN_UNGUARDED_AVAILABILITY = YES_AGGRESSIVE;
				CLANG_WARN_UNREACHABLE_CODE = YES;
				CLANG_WARN__DUPLICATE_METHOD_MATCH = YES;
				COPY_PHASE_STRIP = NO;
				DEBUG_INFORMATION_FORMAT = "dwarf-with-dsym";
				ENABLE_NS_ASSERTIONS = NO;
				ENABLE_STRICT_OBJC_MSGSEND = YES;
				GCC_C_LANGUAGE_STANDARD = gnu11;
				GCC_NO_COMMON_BLOCKS = YES;
				GCC_WARN_64_TO_32_BIT_CONVERSION = YES;
				GCC_WARN_ABOUT_RETURN_TYPE = YES_ERROR;
				GCC_WARN_UNDECLARED_SELECTOR = YES;
				GCC_WARN_UNINITIALIZED_AUTOS = YES_AGGRESSIVE;
				GCC_WARN_UNUSED_FUNCTION = YES;
				GCC_WARN_UNUSED_VARIABLE = YES;
				IPHONEOS_DEPLOYMENT_TARGET = 13.0;
				MTL_ENABLE_DEBUG_INFO = NO;
				MTL_FAST_MATH = YES;
				SDKROOT = iphoneos;
				SWIFT_COMPILATION_MODE = wholemodule;
				SWIFT_OPTIMIZATION_LEVEL = "-O";
				VALIDATE_PRODUCT = YES;
			};
			name = Release;
		};
		7FF7649F299E3FA100AAF94B /* Debug */ = {
			isa = XCBuildConfiguration;
			buildSettings = {
				ASSETCATALOG_COMPILER_APPICON_NAME = AppIcon;
				ASSETCATALOG_COMPILER_GLOBAL_ACCENT_COLOR_NAME = AccentColor;
				CODE_SIGN_STYLE = Automatic;
				CURRENT_PROJECT_VERSION = 1;
				DEVELOPMENT_TEAM = 2MFJX3M25Q;
				GENERATE_INFOPLIST_FILE = YES;
				INFOPLIST_FILE = ImageFeed/Resources/Info.plist;
				INFOPLIST_KEY_UIApplicationSupportsIndirectInputEvents = YES;
				INFOPLIST_KEY_UILaunchStoryboardName = LaunchScreen;
				INFOPLIST_KEY_UIMainStoryboardFile = Main;
				INFOPLIST_KEY_UISupportedInterfaceOrientations = UIInterfaceOrientationPortrait;
				INFOPLIST_KEY_UISupportedInterfaceOrientations_iPad = "UIInterfaceOrientationLandscapeLeft UIInterfaceOrientationLandscapeRight";
				IPHONEOS_DEPLOYMENT_TARGET = 13.0;
				LD_RUNPATH_SEARCH_PATHS = (
					"$(inherited)",
					"@executable_path/Frameworks",
				);
				MARKETING_VERSION = 1.0;
				PRODUCT_BUNDLE_IDENTIFIER = ru.EvgeniyIvoilov.ImageFeed;
				PRODUCT_NAME = "$(TARGET_NAME)";
				SUPPORTED_PLATFORMS = "iphoneos iphonesimulator";
				SUPPORTS_MACCATALYST = NO;
				SUPPORTS_MAC_DESIGNED_FOR_IPHONE_IPAD = YES;
				SWIFT_EMIT_LOC_STRINGS = YES;
				SWIFT_VERSION = 5.0;
				TARGETED_DEVICE_FAMILY = 1;
			};
			name = Debug;
		};
		7FF764A0299E3FA100AAF94B /* Release */ = {
			isa = XCBuildConfiguration;
			buildSettings = {
				ASSETCATALOG_COMPILER_APPICON_NAME = AppIcon;
				ASSETCATALOG_COMPILER_GLOBAL_ACCENT_COLOR_NAME = AccentColor;
				CODE_SIGN_STYLE = Automatic;
				CURRENT_PROJECT_VERSION = 1;
				DEVELOPMENT_TEAM = 2MFJX3M25Q;
				GENERATE_INFOPLIST_FILE = YES;
				INFOPLIST_FILE = ImageFeed/Resources/Info.plist;
				INFOPLIST_KEY_UIApplicationSupportsIndirectInputEvents = YES;
				INFOPLIST_KEY_UILaunchStoryboardName = LaunchScreen;
				INFOPLIST_KEY_UIMainStoryboardFile = Main;
				INFOPLIST_KEY_UISupportedInterfaceOrientations = UIInterfaceOrientationPortrait;
				INFOPLIST_KEY_UISupportedInterfaceOrientations_iPad = "UIInterfaceOrientationLandscapeLeft UIInterfaceOrientationLandscapeRight";
				IPHONEOS_DEPLOYMENT_TARGET = 13.0;
				LD_RUNPATH_SEARCH_PATHS = (
					"$(inherited)",
					"@executable_path/Frameworks",
				);
				MARKETING_VERSION = 1.0;
				PRODUCT_BUNDLE_IDENTIFIER = ru.EvgeniyIvoilov.ImageFeed;
				PRODUCT_NAME = "$(TARGET_NAME)";
				SUPPORTED_PLATFORMS = "iphoneos iphonesimulator";
				SUPPORTS_MACCATALYST = NO;
				SUPPORTS_MAC_DESIGNED_FOR_IPHONE_IPAD = YES;
				SWIFT_EMIT_LOC_STRINGS = YES;
				SWIFT_VERSION = 5.0;
				TARGETED_DEVICE_FAMILY = 1;
			};
			name = Release;
		};
/* End XCBuildConfiguration section */

/* Begin XCConfigurationList section */
		7FF76485299E3FA000AAF94B /* Build configuration list for PBXProject "ImageFeed" */ = {
			isa = XCConfigurationList;
			buildConfigurations = (
				7FF7649C299E3FA100AAF94B /* Debug */,
				7FF7649D299E3FA100AAF94B /* Release */,
			);
			defaultConfigurationIsVisible = 0;
			defaultConfigurationName = Release;
		};
		7FF7649E299E3FA100AAF94B /* Build configuration list for PBXNativeTarget "ImageFeed" */ = {
			isa = XCConfigurationList;
			buildConfigurations = (
				7FF7649F299E3FA100AAF94B /* Debug */,
				7FF764A0299E3FA100AAF94B /* Release */,
			);
			defaultConfigurationIsVisible = 0;
			defaultConfigurationName = Release;
		};
/* End XCConfigurationList section */

/* Begin XCRemoteSwiftPackageReference section */
		7FA543C229E961DE0058C67D /* XCRemoteSwiftPackageReference "Kingfisher" */ = {
			isa = XCRemoteSwiftPackageReference;
			repositoryURL = "https://github.com/onevcat/Kingfisher";
			requirement = {
				kind = upToNextMajorVersion;
				minimumVersion = 7.0.0;
			};
		};
		7FA543C529E96E250058C67D /* XCRemoteSwiftPackageReference "SwiftKeychainWrapper" */ = {
			isa = XCRemoteSwiftPackageReference;
			repositoryURL = "https://github.com/jrendel/SwiftKeychainWrapper";
			requirement = {
				kind = upToNextMajorVersion;
				minimumVersion = 4.0.0;
			};
		};
		7FF6C96D29DC50940051FE2D /* XCRemoteSwiftPackageReference "ProgressHUD" */ = {
			isa = XCRemoteSwiftPackageReference;
			repositoryURL = "https://github.com/relatedcode/ProgressHUD";
			requirement = {
				kind = exactVersion;
				version = 13.6.2;
			};
		};
/* End XCRemoteSwiftPackageReference section */

/* Begin XCSwiftPackageProductDependency section */
		7FA543C329E961DE0058C67D /* Kingfisher */ = {
			isa = XCSwiftPackageProductDependency;
			package = 7FA543C229E961DE0058C67D /* XCRemoteSwiftPackageReference "Kingfisher" */;
			productName = Kingfisher;
		};
		7FA543C629E96E250058C67D /* SwiftKeychainWrapper */ = {
			isa = XCSwiftPackageProductDependency;
			package = 7FA543C529E96E250058C67D /* XCRemoteSwiftPackageReference "SwiftKeychainWrapper" */;
			productName = SwiftKeychainWrapper;
		};
		7FF6C96E29DC50940051FE2D /* ProgressHUD */ = {
			isa = XCSwiftPackageProductDependency;
			package = 7FF6C96D29DC50940051FE2D /* XCRemoteSwiftPackageReference "ProgressHUD" */;
			productName = ProgressHUD;
		};
/* End XCSwiftPackageProductDependency section */
	};
	rootObject = 7FF76482299E3FA000AAF94B /* Project object */;
}
